Microsoft Visual Studio Solution File, Format Version 12.00
# Visual Studio Version 17
VisualStudioVersion = 17.5.2.0
MinimumVisualStudioVersion = 10.0.40219.1
Project("{FAE04EC0-301F-11D3-BF4B-00C04F79EFBC}") = "Bridge.Backend", "Bridge.Backend\Bridge.Backend.csproj", "{76FB48E4-AFAC-6967-6AEC-FDBCA9A455D4}"
EndProject
Global
	GlobalSection(SolutionConfigurationPlatforms) = preSolution
		Debug|Any CPU = Debug|Any CPU
		Release|Any CPU = Release|Any CPU
	EndGlobalSection
	GlobalSection(ProjectConfigurationPlatforms) = postSolution
		{76FB48E4-AFAC-6967-6AEC-FDBCA9A455D4}.Debug|Any CPU.ActiveCfg = Debug|Any CPU
		{76FB48E4-AFAC-6967-6AEC-FDBCA9A455D4}.Debug|Any CPU.Build.0 = Debug|Any CPU
		{76FB48E4-AFAC-6967-6AEC-FDBCA9A455D4}.Release|Any CPU.ActiveCfg = Release|Any CPU
		{76FB48E4-AFAC-6967-6AEC-FDBCA9A455D4}.Release|Any CPU.Build.0 = Release|Any CPU
	EndGlobalSection
	GlobalSection(SolutionProperties) = preSolution
		HideSolutionNode = FALSE
	EndGlobalSection
	GlobalSection(ExtensibilityGlobals) = postSolution
		SolutionGuid = {4A12D43E-54A0-4E11-8EDF-FC9682E3DC4F}
	EndGlobalSection
EndGlobal
